
Microsoft Visual Studio Solution File, Format Version 12.00
# Visual Studio Version 17
VisualStudioVersion = 17.0.31903.59
MinimumVisualStudioVersion = 10.0.40219.1
Project("{2150E333-8FDC-42A3-9474-1A3956D46DE8}") = "EventPlannerPro.Client", "EventPlannerPro.Client", "{D4FA5456-2399-4332-88A8-407FAAB26CB8}"
EndProject
Project("{FAE04EC0-301F-11D3-BF4B-00C04F79EFBC}") = "EventPlannerPro.Client.Client", "EventPlannerPro.Client\Client\EventPlannerPro.Client.Client.csproj", "{A73BFB19-FBF5-40D9-8AA1-22E0D4DF2B65}"
EndProject
Project("{FAE04EC0-301F-11D3-BF4B-00C04F79EFBC}") = "EventPlannerPro.Client.Server", "EventPlannerPro.Client\Server\EventPlannerPro.Client.Server.csproj", "{7DA0EE54-82E4-4608-A1CB-8D43FCA2BAF3}"
EndProject
Project("{FAE04EC0-301F-11D3-BF4B-00C04F79EFBC}") = "EventPlannerPro.Client.Shared", "EventPlannerPro.Client\Shared\EventPlannerPro.Client.Shared.csproj", "{57F00CE3-6B34-473C-90C8-FA7A6576AA2F}"
EndProject
Global
	GlobalSection(SolutionConfigurationPlatforms) = preSolution
		Debug|Any CPU = Debug|Any CPU
		Release|Any CPU = Release|Any CPU
	EndGlobalSection
	GlobalSection(SolutionProperties) = preSolution
		HideSolutionNode = FALSE
	EndGlobalSection
	GlobalSection(ProjectConfigurationPlatforms) = postSolution
		{A73BFB19-FBF5-40D9-8AA1-22E0D4DF2B65}.Debug|Any CPU.ActiveCfg = Debug|Any CPU
		{A73BFB19-FBF5-40D9-8AA1-22E0D4DF2B65}.Debug|Any CPU.Build.0 = Debug|Any CPU
		{A73BFB19-FBF5-40D9-8AA1-22E0D4DF2B65}.Release|Any CPU.ActiveCfg = Release|Any CPU
		{A73BFB19-FBF5-40D9-8AA1-22E0D4DF2B65}.Release|Any CPU.Build.0 = Release|Any CPU
		{7DA0EE54-82E4-4608-A1CB-8D43FCA2BAF3}.Debug|Any CPU.ActiveCfg = Debug|Any CPU
		{7DA0EE54-82E4-4608-A1CB-8D43FCA2BAF3}.Debug|Any CPU.Build.0 = Debug|Any CPU
		{7DA0EE54-82E4-4608-A1CB-8D43FCA2BAF3}.Release|Any CPU.ActiveCfg = Release|Any CPU
		{7DA0EE54-82E4-4608-A1CB-8D43FCA2BAF3}.Release|Any CPU.Build.0 = Release|Any CPU
		{57F00CE3-6B34-473C-90C8-FA7A6576AA2F}.Debug|Any CPU.ActiveCfg = Debug|Any CPU
		{57F00CE3-6B34-473C-90C8-FA7A6576AA2F}.Debug|Any CPU.Build.0 = Debug|Any CPU
		{57F00CE3-6B34-473C-90C8-FA7A6576AA2F}.Release|Any CPU.ActiveCfg = Release|Any CPU
		{57F00CE3-6B34-473C-90C8-FA7A6576AA2F}.Release|Any CPU.Build.0 = Release|Any CPU
	EndGlobalSection
	GlobalSection(NestedProjects) = preSolution
		{A73BFB19-FBF5-40D9-8AA1-22E0D4DF2B65} = {D4FA5456-2399-4332-88A8-407FAAB26CB8}
		{7DA0EE54-82E4-4608-A1CB-8D43FCA2BAF3} = {D4FA5456-2399-4332-88A8-407FAAB26CB8}
		{57F00CE3-6B34-473C-90C8-FA7A6576AA2F} = {D4FA5456-2399-4332-88A8-407FAAB26CB8}
	EndGlobalSection
EndGlobal
